
Microsoft Visual Studio Solution File, Format Version 12.00
# Visual Studio Version 17
VisualStudioVersion = 17.9.34622.214
MinimumVisualStudioVersion = 10.0.40219.1
Project("{FAE04EC0-301F-11D3-BF4B-00C04F79EFBC}") = "BookStoreApi", "BookStoreApi.csproj", "{B81DECE3-CD80-4A94-91B2-0B80219236A0}"
EndProject
Global
	GlobalSection(SolutionConfigurationPlatforms) = preSolution
		Debug|Any CPU = Debug|Any CPU
		Release|Any CPU = Release|Any CPU
	EndGlobalSection
	GlobalSection(ProjectConfigurationPlatforms) = postSolution
		{B81DECE3-CD80-4A94-91B2-0B80219236A0}.Debug|Any CPU.ActiveCfg = Debug|Any CPU
		{B81DECE3-CD80-4A94-91B2-0B80219236A0}.Debug|Any CPU.Build.0 = Debug|Any CPU
		{B81DECE3-CD80-4A94-91B2-0B80219236A0}.Release|Any CPU.ActiveCfg = Release|Any CPU
		{B81DECE3-CD80-4A94-91B2-0B80219236A0}.Release|Any CPU.Build.0 = Release|Any CPU
	EndGlobalSection
	GlobalSection(SolutionProperties) = preSolution
		HideSolutionNode = FALSE
	EndGlobalSection
	GlobalSection(ExtensibilityGlobals) = postSolution
		SolutionGuid = {5F0F0491-3302-4D6E-8575-846F76DEE117}
	EndGlobalSection
EndGlobal
